
Microsoft Visual Studio Solution File, Format Version 12.00
# Visual Studio 15
VisualStudioVersion = 15.0.28307.489
MinimumVisualStudioVersion = 10.0.40219.1
Project("{FAE04EC0-301F-11D3-BF4B-00C04F79EFBC}") = "DispatcherLab", "DispatcherLab\DispatcherLab.csproj", "{4280E424-4097-43F0-93D6-CA95D8D19353}"
EndProject
Project("{FAE04EC0-301F-11D3-BF4B-00C04F79EFBC}") = "RouterLab", "RouterLab\RouterLab.csproj", "{23C87439-689D-456E-A985-78490281E85C}"
EndProject
Project("{FAE04EC0-301F-11D3-BF4B-00C04F79EFBC}") = "SupervisorStrategyLab", "SupervisorStrategyLab\SupervisorStrategyLab.csproj", "{6C0A1372-9BEB-4F01-BE73-0E5D2D497479}"
EndProject
Project("{FAE04EC0-301F-11D3-BF4B-00C04F79EFBC}") = "ImmutableObjectLab", "ImmutableObjectLab\ImmutableObjectLab.csproj", "{DE82FFEA-B389-4D93-BE47-5B97BE2F4994}"
EndProject
Project("{FAE04EC0-301F-11D3-BF4B-00C04F79EFBC}") = "InboxLab", "InboxLab\InboxLab.csproj", "{DDAE1E28-0FFB-4532-9A7B-4F37F096C664}"
EndProject
Project("{FAE04EC0-301F-11D3-BF4B-00C04F79EFBC}") = "SeedNode", "SeedNode\SeedNode.csproj", "{652CBAAA-DC27-445A-901B-1A9BD0E3C769}"
EndProject
Project("{FAE04EC0-301F-11D3-BF4B-00C04F79EFBC}") = "Node1", "Node1\Node1.csproj", "{C91CD188-A6BB-4D89-ACC2-BBEBA923B388}"
EndProject
Project("{FAE04EC0-301F-11D3-BF4B-00C04F79EFBC}") = "Node2", "Node2\Node2.csproj", "{961CBAEB-F88C-4BA3-B21D-4BC7D265C384}"
EndProject
Project("{FAE04EC0-301F-11D3-BF4B-00C04F79EFBC}") = "Node3", "Node3\Node3.csproj", "{A8E1DFA2-7F13-4A84-98A3-57D1D6199DF3}"
EndProject
Project("{FAE04EC0-301F-11D3-BF4B-00C04F79EFBC}") = "Shard1", "Shard1\Shard1.csproj", "{F445AE7C-86E0-45F0-B950-53F58C98CDE6}"
EndProject
Project("{FAE04EC0-301F-11D3-BF4B-00C04F79EFBC}") = "Shard2", "Shard2\Shard2.csproj", "{301C7C93-7030-436D-9EE1-39783320F5A5}"
EndProject
Project("{FAE04EC0-301F-11D3-BF4B-00C04F79EFBC}") = "Shared", "Shared\Shared.csproj", "{11A9A1C5-25F0-448F-AF62-57A13733C861}"
EndProject
Project("{FAE04EC0-301F-11D3-BF4B-00C04F79EFBC}") = "Shard3", "Shard3\Shard3.csproj", "{83B19084-26EF-47E8-8439-2465159BFAEF}"
EndProject
Project("{FAE04EC0-301F-11D3-BF4B-00C04F79EFBC}") = "Client", "Client\Client.csproj", "{D1780C25-8984-4ECD-8DCB-5FCC118E03A7}"
EndProject
Project("{FAE04EC0-301F-11D3-BF4B-00C04F79EFBC}") = "AtLeastOnceDeliveryLab", "AtLeastOnceDeliveryLab\AtLeastOnceDeliveryLab.csproj", "{52AF2EDF-5ADD-4370-9FA0-11650B8DB865}"
EndProject
Project("{FAE04EC0-301F-11D3-BF4B-00C04F79EFBC}") = "AtLeastOnceDeliveryReceiver", "AtLeastOnceDeliveryReceiver\AtLeastOnceDeliveryReceiver.csproj", "{4E422561-5820-4453-AE85-C5380F142F9D}"
EndProject
Project("{FAE04EC0-301F-11D3-BF4B-00C04F79EFBC}") = "PullModeLab", "PullModeLab\PullModeLab.csproj", "{1D6EC163-0D6C-41BF-A7A1-7040EE93E78D}"
EndProject
Project("{FAE04EC0-301F-11D3-BF4B-00C04F79EFBC}") = "PullWorker", "PullWorker\PullWorker.csproj", "{25543BC0-DB45-481E-8842-3A38EF110FF0}"
EndProject
Project("{FAE04EC0-301F-11D3-BF4B-00C04F79EFBC}") = "LoggingLab", "LoggingLab\LoggingLab.csproj", "{320DD3E5-7D14-4C70-B2E0-4808E31969F2}"
EndProject
Global
	GlobalSection(SolutionConfigurationPlatforms) = preSolution
		Debug|Any CPU = Debug|Any CPU
		Release|Any CPU = Release|Any CPU
	EndGlobalSection
	GlobalSection(ProjectConfigurationPlatforms) = postSolution
		{4280E424-4097-43F0-93D6-CA95D8D19353}.Debug|Any CPU.ActiveCfg = Debug|Any CPU
		{4280E424-4097-43F0-93D6-CA95D8D19353}.Debug|Any CPU.Build.0 = Debug|Any CPU
		{4280E424-4097-43F0-93D6-CA95D8D19353}.Release|Any CPU.ActiveCfg = Release|Any CPU
		{4280E424-4097-43F0-93D6-CA95D8D19353}.Release|Any CPU.Build.0 = Release|Any CPU
		{23C87439-689D-456E-A985-78490281E85C}.Debug|Any CPU.ActiveCfg = Debug|Any CPU
		{23C87439-689D-456E-A985-78490281E85C}.Debug|Any CPU.Build.0 = Debug|Any CPU
		{23C87439-689D-456E-A985-78490281E85C}.Release|Any CPU.ActiveCfg = Release|Any CPU
		{23C87439-689D-456E-A985-78490281E85C}.Release|Any CPU.Build.0 = Release|Any CPU
		{6C0A1372-9BEB-4F01-BE73-0E5D2D497479}.Debug|Any CPU.ActiveCfg = Debug|Any CPU
		{6C0A1372-9BEB-4F01-BE73-0E5D2D497479}.Debug|Any CPU.Build.0 = Debug|Any CPU
		{6C0A1372-9BEB-4F01-BE73-0E5D2D497479}.Release|Any CPU.ActiveCfg = Release|Any CPU
		{6C0A1372-9BEB-4F01-BE73-0E5D2D497479}.Release|Any CPU.Build.0 = Release|Any CPU
		{DE82FFEA-B389-4D93-BE47-5B97BE2F4994}.Debug|Any CPU.ActiveCfg = Debug|Any CPU
		{DE82FFEA-B389-4D93-BE47-5B97BE2F4994}.Debug|Any CPU.Build.0 = Debug|Any CPU
		{DE82FFEA-B389-4D93-BE47-5B97BE2F4994}.Release|Any CPU.ActiveCfg = Release|Any CPU
		{DE82FFEA-B389-4D93-BE47-5B97BE2F4994}.Release|Any CPU.Build.0 = Release|Any CPU
		{DDAE1E28-0FFB-4532-9A7B-4F37F096C664}.Debug|Any CPU.ActiveCfg = Debug|Any CPU
		{DDAE1E28-0FFB-4532-9A7B-4F37F096C664}.Debug|Any CPU.Build.0 = Debug|Any CPU
		{DDAE1E28-0FFB-4532-9A7B-4F37F096C664}.Release|Any CPU.ActiveCfg = Release|Any CPU
		{DDAE1E28-0FFB-4532-9A7B-4F37F096C664}.Release|Any CPU.Build.0 = Release|Any CPU
		{652CBAAA-DC27-445A-901B-1A9BD0E3C769}.Debug|Any CPU.ActiveCfg = Debug|Any CPU
		{652CBAAA-DC27-445A-901B-1A9BD0E3C769}.Debug|Any CPU.Build.0 = Debug|Any CPU
		{652CBAAA-DC27-445A-901B-1A9BD0E3C769}.Release|Any CPU.ActiveCfg = Release|Any CPU
		{652CBAAA-DC27-445A-901B-1A9BD0E3C769}.Release|Any CPU.Build.0 = Release|Any CPU
		{C91CD188-A6BB-4D89-ACC2-BBEBA923B388}.Debug|Any CPU.ActiveCfg = Debug|Any CPU
		{C91CD188-A6BB-4D89-ACC2-BBEBA923B388}.Debug|Any CPU.Build.0 = Debug|Any CPU
		{C91CD188-A6BB-4D89-ACC2-BBEBA923B388}.Release|Any CPU.ActiveCfg = Release|Any CPU
		{C91CD188-A6BB-4D89-ACC2-BBEBA923B388}.Release|Any CPU.Build.0 = Release|Any CPU
		{961CBAEB-F88C-4BA3-B21D-4BC7D265C384}.Debug|Any CPU.ActiveCfg = Debug|Any CPU
		{961CBAEB-F88C-4BA3-B21D-4BC7D265C384}.Debug|Any CPU.Build.0 = Debug|Any CPU
		{961CBAEB-F88C-4BA3-B21D-4BC7D265C384}.Release|Any CPU.ActiveCfg = Release|Any CPU
		{961CBAEB-F88C-4BA3-B21D-4BC7D265C384}.Release|Any CPU.Build.0 = Release|Any CPU
		{A8E1DFA2-7F13-4A84-98A3-57D1D6199DF3}.Debug|Any CPU.ActiveCfg = Debug|Any CPU
		{A8E1DFA2-7F13-4A84-98A3-57D1D6199DF3}.Debug|Any CPU.Build.0 = Debug|Any CPU
		{A8E1DFA2-7F13-4A84-98A3-57D1D6199DF3}.Release|Any CPU.ActiveCfg = Release|Any CPU
		{A8E1DFA2-7F13-4A84-98A3-57D1D6199DF3}.Release|Any CPU.Build.0 = Release|Any CPU
		{F445AE7C-86E0-45F0-B950-53F58C98CDE6}.Debug|Any CPU.ActiveCfg = Debug|Any CPU
		{F445AE7C-86E0-45F0-B950-53F58C98CDE6}.Debug|Any CPU.Build.0 = Debug|Any CPU
		{F445AE7C-86E0-45F0-B950-53F58C98CDE6}.Release|Any CPU.ActiveCfg = Release|Any CPU
		{F445AE7C-86E0-45F0-B950-53F58C98CDE6}.Release|Any CPU.Build.0 = Release|Any CPU
		{301C7C93-7030-436D-9EE1-39783320F5A5}.Debug|Any CPU.ActiveCfg = Debug|Any CPU
		{301C7C93-7030-436D-9EE1-39783320F5A5}.Debug|Any CPU.Build.0 = Debug|Any CPU
		{301C7C93-7030-436D-9EE1-39783320F5A5}.Release|Any CPU.ActiveCfg = Release|Any CPU
		{301C7C93-7030-436D-9EE1-39783320F5A5}.Release|Any CPU.Build.0 = Release|Any CPU
		{11A9A1C5-25F0-448F-AF62-57A13733C861}.Debug|Any CPU.ActiveCfg = Debug|Any CPU
		{11A9A1C5-25F0-448F-AF62-57A13733C861}.Debug|Any CPU.Build.0 = Debug|Any CPU
		{11A9A1C5-25F0-448F-AF62-57A13733C861}.Release|Any CPU.ActiveCfg = Release|Any CPU
		{11A9A1C5-25F0-448F-AF62-57A13733C861}.Release|Any CPU.Build.0 = Release|Any CPU
		{83B19084-26EF-47E8-8439-2465159BFAEF}.Debug|Any CPU.ActiveCfg = Debug|Any CPU
		{83B19084-26EF-47E8-8439-2465159BFAEF}.Debug|Any CPU.Build.0 = Debug|Any CPU
		{83B19084-26EF-47E8-8439-2465159BFAEF}.Release|Any CPU.ActiveCfg = Release|Any CPU
		{83B19084-26EF-47E8-8439-2465159BFAEF}.Release|Any CPU.Build.0 = Release|Any CPU
		{D1780C25-8984-4ECD-8DCB-5FCC118E03A7}.Debug|Any CPU.ActiveCfg = Debug|Any CPU
		{D1780C25-8984-4ECD-8DCB-5FCC118E03A7}.Debug|Any CPU.Build.0 = Debug|Any CPU
		{D1780C25-8984-4ECD-8DCB-5FCC118E03A7}.Release|Any CPU.ActiveCfg = Release|Any CPU
		{D1780C25-8984-4ECD-8DCB-5FCC118E03A7}.Release|Any CPU.Build.0 = Release|Any CPU
		{52AF2EDF-5ADD-4370-9FA0-11650B8DB865}.Debug|Any CPU.ActiveCfg = Debug|Any CPU
		{52AF2EDF-5ADD-4370-9FA0-11650B8DB865}.Debug|Any CPU.Build.0 = Debug|Any CPU
		{52AF2EDF-5ADD-4370-9FA0-11650B8DB865}.Release|Any CPU.ActiveCfg = Release|Any CPU
		{52AF2EDF-5ADD-4370-9FA0-11650B8DB865}.Release|Any CPU.Build.0 = Release|Any CPU
		{4E422561-5820-4453-AE85-C5380F142F9D}.Debug|Any CPU.ActiveCfg = Debug|Any CPU
		{4E422561-5820-4453-AE85-C5380F142F9D}.Debug|Any CPU.Build.0 = Debug|Any CPU
		{4E422561-5820-4453-AE85-C5380F142F9D}.Release|Any CPU.ActiveCfg = Release|Any CPU
		{4E422561-5820-4453-AE85-C5380F142F9D}.Release|Any CPU.Build.0 = Release|Any CPU
		{1D6EC163-0D6C-41BF-A7A1-7040EE93E78D}.Debug|Any CPU.ActiveCfg = Debug|Any CPU
		{1D6EC163-0D6C-41BF-A7A1-7040EE93E78D}.Debug|Any CPU.Build.0 = Debug|Any CPU
		{1D6EC163-0D6C-41BF-A7A1-7040EE93E78D}.Release|Any CPU.ActiveCfg = Release|Any CPU
		{1D6EC163-0D6C-41BF-A7A1-7040EE93E78D}.Release|Any CPU.Build.0 = Release|Any CPU
		{25543BC0-DB45-481E-8842-3A38EF110FF0}.Debug|Any CPU.ActiveCfg = Debug|Any CPU
		{25543BC0-DB45-481E-8842-3A38EF110FF0}.Debug|Any CPU.Build.0 = Debug|Any CPU
		{25543BC0-DB45-481E-8842-3A38EF110FF0}.Release|Any CPU.ActiveCfg = Release|Any CPU
		{25543BC0-DB45-481E-8842-3A38EF110FF0}.Release|Any CPU.Build.0 = Release|Any CPU
		{320DD3E5-7D14-4C70-B2E0-4808E31969F2}.Debug|Any CPU.ActiveCfg = Debug|Any CPU
		{320DD3E5-7D14-4C70-B2E0-4808E31969F2}.Debug|Any CPU.Build.0 = Debug|Any CPU
		{320DD3E5-7D14-4C70-B2E0-4808E31969F2}.Release|Any CPU.ActiveCfg = Release|Any CPU
		{320DD3E5-7D14-4C70-B2E0-4808E31969F2}.Release|Any CPU.Build.0 = Release|Any CPU
	EndGlobalSection
	GlobalSection(SolutionProperties) = preSolution
		HideSolutionNode = FALSE
	EndGlobalSection
	GlobalSection(ExtensibilityGlobals) = postSolution
		SolutionGuid = {84251D0E-3085-4C98-83FD-EAB6071A899F}
	EndGlobalSection
EndGlobal
